
Microsoft Visual Studio Solution File, Format Version 12.00
# Visual Studio Version 16
VisualStudioVersion = 16.0.808.4
MinimumVisualStudioVersion = 10.0.40219.1
Project("{FAE04EC0-301F-11D3-BF4B-00C04F79EFBC}") = "Schedule", "Schedule\Schedule.csproj", "{1B44E54B-34C2-476D-96F0-A83EACFD08ED}"
EndProject
Global
	GlobalSection(SolutionConfigurationPlatforms) = preSolution
		Debug|Any CPU = Debug|Any CPU
		Release|Any CPU = Release|Any CPU
	EndGlobalSection
	GlobalSection(ProjectConfigurationPlatforms) = postSolution
		{1B44E54B-34C2-476D-96F0-A83EACFD08ED}.Debug|Any CPU.ActiveCfg = Debug|Any CPU
		{1B44E54B-34C2-476D-96F0-A83EACFD08ED}.Debug|Any CPU.Build.0 = Debug|Any CPU
		{1B44E54B-34C2-476D-96F0-A83EACFD08ED}.Release|Any CPU.ActiveCfg = Release|Any CPU
		{1B44E54B-34C2-476D-96F0-A83EACFD08ED}.Release|Any CPU.Build.0 = Release|Any CPU
	EndGlobalSection
	GlobalSection(SolutionProperties) = preSolution
		HideSolutionNode = FALSE
	EndGlobalSection
	GlobalSection(ExtensibilityGlobals) = postSolution
		SolutionGuid = {75C9F67A-62DC-4B54-B39F-F614F2337C08}
	EndGlobalSection
EndGlobal
